PODS:
  - IQKeyboardManagerSwift (6.5.5)
  - PKHUD (5.3.0)
  - RxCocoa (4.5.0):
    - RxSwift (>= 4.4.2, ~> 4.4)
  - RxCommand (0.0.1):
    - RxCocoa (~> 4.5.0)
    - RxSwift (~> 4.5.0)
  - RxSwift (4.5.0)

DEPENDENCIES:
  - IQKeyboardManagerSwift
  - PKHUD
  - RxCommand (from `./`)

SPEC REPOS:
  https://github.com/CocoaPods/Specs.git:
    - IQKeyboardManagerSwift
    - PKHUD
    - RxCocoa
    - RxSwift

EXTERNAL SOURCES:
  RxCommand:
    :path: "./"

SPEC CHECKSUMS:
  IQKeyboardManagerSwift: 0fb93310284665245591f50f7a5e38de615960b7
  PKHUD: 98f3e4bc904b9c916f1c5bb6d765365b5357291b
  RxCocoa: cbf70265dc65a981d4ac982e513c10cf23df24a0
  RxCommand: 3012bc1f9c4ab0bbc47413c433b40068c72ee255
  RxSwift: f172070dfd1a93d70a9ab97a5a01166206e1c575

PODFILE CHECKSUM: 57fa0371333ee8df6d1760a3ae1d3d1d7b95c544

COCOAPODS: 1.8.4
